{
  "name": "api",
  "version": "0.0.0",
  "lockfileVersion": 1,
  "requires": true,
  "dependencies": {
    "@material/animation": {
      "version": "0.3.1",
      "resolved": "https://registry.npmjs.org/@material/animation/-/animation-0.3.1.tgz",
      "integrity": "sha1-Ip3mkn0FkNbWsgFX13jSZO8CIpo="
    },
    "@material/auto-init": {
      "version": "0.1.4",
      "resolved": "https://registry.npmjs.org/@material/auto-init/-/auto-init-0.1.4.tgz",
      "integrity": "sha512-pyq6hTVrYo/Z/yU3vCAaIpo7C9As/Inj49kt7tRPLsCQ5MDhhMTjCZFmqldDss88XQ1QR2gjNoSh7lNkwRlu7A=="
    },
    "@material/base": {
      "version": "0.2.5",
      "resolved": "https://registry.npmjs.org/@material/base/-/base-0.2.5.tgz",
      "integrity": "sha512-oQEiOLBlPRox8LEQNRmtOjFGMYg0D4cyE1swQwYwSy0Zz1/hG21f3f3WsPDn4NUhnscL68chtlJiG49LLd6Nfw=="
    },
    "@material/button": {
      "version": "0.5.0",
      "resolved": "https://registry.npmjs.org/@material/button/-/button-0.5.0.tgz",
      "integrity": "sha512-cvel9kAM8trBE4ocxhubCsqWbUO/POlRC9NZFwKgNru0WZB6EQ7DD/jW5zDEdYrU/bpAUkltvLqHN3Z8Ytk5vQ==",
      "requires": {
        "@material/elevation": "0.1.11",
        "@material/ripple": "0.8.5",
        "@material/theme": "0.2.0",
        "@material/typography": "0.3.0"
      }
    },
    "@material/card": {
      "version": "0.2.7",
      "resolved": "https://registry.npmjs.org/@material/card/-/card-0.2.7.tgz",
      "integrity": "sha512-K8JY6wPX3FNWme/S35vmWUawDc+8GBkvjcFxWIXkqnofe0I1+XQMJwVkdeZ6dYfHV4BP5ISUX5OePptghSk1lw==",
      "requires": {
        "@material/elevation": "0.1.11",
        "@material/rtl": "0.1.7",
        "@material/theme": "0.2.0",
        "@material/typography": "0.3.0"
      }
    },
    "@material/checkbox": {
      "version": "0.4.5",
      "resolved": "https://registry.npmjs.org/@material/checkbox/-/checkbox-0.4.5.tgz",
      "integrity": "sha512-1c9TM6F4LYx6w3gONKpAjxbPLdr2gQt+AkbxKou69yYNN1MrFEWocanJxMKQG/xvh+w8v/HnMWJYy59X5FY1sw==",
      "requires": {
        "@material/animation": "0.3.1",
        "@material/base": "0.2.5",
        "@material/ripple": "0.8.5",
        "@material/rtl": "0.1.7",
        "@material/selection-control": "0.1.0",
        "@material/theme": "0.2.0"
      }
    },
    "@material/dialog": {
      "version": "0.4.2",
      "resolved": "https://registry.npmjs.org/@material/dialog/-/dialog-0.4.2.tgz",
      "integrity": "sha512-dBEQAVQj1u7xALF0rsN5RVJn9tIPj0h1eD/IKgQBmbp2BesmPy9o8CC0yWA1+2kbvEI8iXVTZe8Rt74+pdFiSA==",
      "requires": {
        "@material/animation": "0.3.1",
        "@material/base": "0.2.5",
        "@material/elevation": "0.1.11",
        "@material/ripple": "0.8.5",
        "@material/rtl": "0.1.7",
        "@material/theme": "0.2.0",
        "@material/typography": "0.1.1",
        "focus-trap": "2.3.0"
      },
      "dependencies": {
        "@material/typography": {
          "version": "0.1.1",
          "resolved": "https://registry.npmjs.org/@material/typography/-/typography-0.1.1.tgz",
          "integrity": "sha1-+y40N70yhNOen7kUhXZ63msr0ME="
        }
      }
    },
    "@material/drawer": {
      "version": "0.5.6",
      "resolved": "https://registry.npmjs.org/@material/drawer/-/drawer-0.5.6.tgz",
      "integrity": "sha512-/Pptn9uSR9XcAlKDFno/XOT+TNXIhG81hpMORmMVXP898VIzd47BCJXHDLU4JXlpyNGAacfNMeP+dsS4gUWN1Q==",
      "requires": {
        "@material/animation": "0.3.1",
        "@material/base": "0.2.5",
        "@material/elevation": "0.1.11",
        "@material/rtl": "0.1.7",
        "@material/theme": "0.2.0",
        "@material/typography": "0.3.0"
      }
    },
    "@material/elevation": {
      "version": "0.1.11",
      "resolved": "https://registry.npmjs.org/@material/elevation/-/elevation-0.1.11.tgz",
      "integrity": "sha1-GVgVZIaX8vutIGZqTCMtybbxGJs=",
      "requires": {
        "@material/animation": "0.3.1"
      }
    },
    "@material/fab": {
      "version": "0.3.16",
      "resolved": "https://registry.npmjs.org/@material/fab/-/fab-0.3.16.tgz",
      "integrity": "sha512-xiLEi6L7Ethhr/MJYfW/d6yMSNt7wBHswhZ+GOPBb/MQ7ODT6mSPknoNx9pE2IlQNdEY27+spijTcEpERzzJZg==",
      "requires": {
        "@material/animation": "0.3.1",
        "@material/elevation": "0.1.11",
        "@material/ripple": "0.8.5",
        "@material/theme": "0.2.0"
      }
    },
    "@material/form-field": {
      "version": "0.2.14",
      "resolved": "https://registry.npmjs.org/@material/form-field/-/form-field-0.2.14.tgz",
      "integrity": "sha512-YiZQRZRf66igp0h5xpohkwyT5yHNxid7Crj1an0lQzc70EdQ2ZpTMDNdTp0PF7RV3nQL/wfwJqJxbqR/+mJHgg==",
      "requires": {
        "@material/base": "0.2.5",
        "@material/rtl": "0.1.7",
        "@material/selection-control": "0.1.0",
        "@material/theme": "0.2.0",
        "@material/typography": "0.3.0"
      }
    },
    "@material/grid-list": {
      "version": "0.2.10",
      "resolved": "https://registry.npmjs.org/@material/grid-list/-/grid-list-0.2.10.tgz",
      "integrity": "sha512-MQN5ibSF0cGW9x5ytGFsKDKD7osSH67drZfEanbAIdmk65D6KyjJ/PdbbvPON9xGXpTpa3iXemZrxDSLR8J8+g==",
      "requires": {
        "@material/base": "0.2.5",
        "@material/rtl": "0.1.7",
        "@material/theme": "0.2.0",
        "@material/typography": "0.3.0"
      }
    },
    "@material/icon-toggle": {
      "version": "0.1.19",
      "resolved": "https://registry.npmjs.org/@material/icon-toggle/-/icon-toggle-0.1.19.tgz",
      "integrity": "sha512-KBpAZe0/0qyhBCYqlVxhau3RkXWu9GpFORtY/SyKRNm0GIhejpQaA0m+Cd946kEfi20Pa7OO7VB0i5GFcD6Wug==",
      "requires": {
        "@material/animation": "0.3.1",
        "@material/base": "0.2.5",
        "@material/ripple": "0.8.5",
        "@material/theme": "0.2.0"
      }
    },
    "@material/layout-grid": {
      "version": "0.4.2",
      "resolved": "https://registry.npmjs.org/@material/layout-grid/-/layout-grid-0.4.2.tgz",
      "integrity": "sha512-h/YuiJLa/EGw9tlPI+tsDsRLFHsGh6xTTq+6EtU9aMRAvUh14kCaUwE9PEd013xH4LmPsXuKaPKNx4SC+0SgEA=="
    },
    "@material/linear-progress": {
      "version": "0.1.8",
      "resolved": "https://registry.npmjs.org/@material/linear-progress/-/linear-progress-0.1.8.tgz",
      "integrity": "sha512-aUIsxoSDrjlCl3oLJo+mEWn/638ghXMjy7KAJinDB0RHVr8UjTdL4xPDJlph70ma4tpza0nGbJ1Ry2xQaYNRgg==",
      "requires": {
        "@material/animation": "0.3.1",
        "@material/base": "0.2.5",
        "@material/theme": "0.2.0"
      }
    },
    "@material/list": {
      "version": "0.2.17",
      "resolved": "https://registry.npmjs.org/@material/list/-/list-0.2.17.tgz",
      "integrity": "sha512-PBHUYXRdmLL3c4/kOZJpwIokKaWCnj92D+0LPYtvumUYsgIjV+4Ldf1J0f/uwIcoPKriB7+JkD8aM1X2+CLEog==",
      "requires": {
        "@material/ripple": "0.8.5",
        "@material/rtl": "0.1.7",
        "@material/theme": "0.2.0",
        "@material/typography": "0.3.0"
      }
    },
    "@material/menu": {
      "version": "0.4.5",
      "resolved": "https://registry.npmjs.org/@material/menu/-/menu-0.4.5.tgz",
      "integrity": "sha512-+/9ZJOsSqiTqCItVQYkX+tpRTWZDsHK8cEBehgPlJ8jf1ogiFFPgAbxxnY1dVsrq4YoWmzonZK+wW7HoBYfUtg==",
      "requires": {
        "@material/animation": "0.3.1",
        "@material/base": "0.2.5",
        "@material/elevation": "0.1.11",
        "@material/theme": "0.2.0",
        "@material/typography": "0.3.0"
      }
    },
    "@material/radio": {
      "version": "0.2.12",
      "resolved": "https://registry.npmjs.org/@material/radio/-/radio-0.2.12.tgz",
      "integrity": "sha512-EV6q3MZy8JDqE6LyfxKujuqjA3zfvWVOCWJrDdv12AcGt53/QDEOujgzs6cZoo0JMNYG/dqyTscxKb/7aKaNFg==",
      "requires": {
        "@material/animation": "0.3.1",
        "@material/base": "0.2.5",
        "@material/ripple": "0.8.5",
        "@material/selection-control": "0.1.0",
        "@material/theme": "0.2.0"
      }
    },
    "@material/ripple": {
      "version": "0.8.5",
      "resolved": "https://registry.npmjs.org/@material/ripple/-/ripple-0.8.5.tgz",
      "integrity": "sha512-2RGPtp9Petw5KoqBWCoT9tOhqg7ky2YAG5r1m4RZPrhoCJqCwn64gsoDXpoI/9a0SHwlK5/iazg/oLTCVqRRHg==",
      "requires": {
        "@material/base": "0.2.5",
        "@material/theme": "0.2.0"
      }
    },
    "@material/rtl": {
      "version": "0.1.7",
      "resolved": "https://registry.npmjs.org/@material/rtl/-/rtl-0.1.7.tgz",
      "integrity": "sha1-s4t3GvGDvPNNZD9gDxf8QzaYU1o="
    },
    "@material/select": {
      "version": "0.3.15",
      "resolved": "https://registry.npmjs.org/@material/select/-/select-0.3.15.tgz",
      "integrity": "sha512-VnVZn5ctKjtRwoWgzd2owfoiEG/7CmgksCjXP7Gat8WjMCqWPHO0Fa3c6vT8D4vFu6Q4ozOdzyqkq79/wty4bQ==",
      "requires": {
        "@material/animation": "0.3.1",
        "@material/base": "0.2.5",
        "@material/list": "0.2.17",
        "@material/menu": "0.4.5",
        "@material/rtl": "0.1.7",
        "@material/theme": "0.2.0",
        "@material/typography": "0.3.0"
      }
    },
    "@material/selection-control": {
      "version": "0.1.0",
      "resolved": "https://registry.npmjs.org/@material/selection-control/-/selection-control-0.1.0.tgz",
      "integrity": "sha512-TUcOFx28+waUUbZfaQK4f1qVWfg8ZSF2ScQ+vRmrw/SG7sA6+JQEEIqoDsmdjaTuPiwVocAm4bKdCOFZIXHJpQ==",
      "requires": {
        "@material/ripple": "0.8.5"
      }
    },
    "@material/slider": {
      "version": "0.2.4",
      "resolved": "https://registry.npmjs.org/@material/slider/-/slider-0.2.4.tgz",
      "integrity": "sha512-/UZwBfM59vPHoy1jEqWLwj5q2XCRn4QoeEFJIpOhmV8yTMQ1d/PVK1Z8PDFTmJ3bRccZPobSXseNF4fNGnFDlg==",
      "requires": {
        "@material/animation": "0.3.1",
        "@material/base": "0.2.5",
        "@material/rtl": "0.1.7",
        "@material/theme": "0.2.0"
      }
    },
    "@material/snackbar": {
      "version": "0.3.5",
      "resolved": "https://registry.npmjs.org/@material/snackbar/-/snackbar-0.3.5.tgz",
      "integrity": "sha512-ixevcGWn8qkWPn1vUEXleK7cufd48MKPHzJw1SqJGKCmvxGgrqCw5PMTxelEGgz0WPVJlwCwPtK7TWX3oO5KwA==",
      "requires": {
        "@material/animation": "0.3.1",
        "@material/base": "0.2.5",
        "@material/button": "0.5.0",
        "@material/rtl": "0.1.7",
        "@material/theme": "0.2.0",
        "@material/typography": "0.3.0"
      }
    },
    "@material/switch": {
      "version": "0.1.12",
      "resolved": "https://registry.npmjs.org/@material/switch/-/switch-0.1.12.tgz",
      "integrity": "sha512-rRE6/bHSNddM15Ei2HnBRO+3wSkmthjVs9Lqrt1wCRBi9JGf6RzGU1j5vqKXWhbMTm6GlVeTuZS/BB4s4nobOw==",
      "requires": {
        "@material/animation": "0.3.1",
        "@material/elevation": "0.1.11",
        "@material/theme": "0.2.0"
      }
    },
    "@material/tabs": {
      "version": "0.2.8",
      "resolved": "https://registry.npmjs.org/@material/tabs/-/tabs-0.2.8.tgz",
      "integrity": "sha512-lwK/FGJcrAjl26F0lSvQvNENIQBxCDKjxIC+/RYZ7PBgz+Q0tsM8vjx2sKXEzZr44Ofx7gxlbp98Wv4+E132nw==",
      "requires": {
        "@material/animation": "0.3.1",
        "@material/base": "0.2.5",
        "@material/ripple": "0.8.5",
        "@material/rtl": "0.1.7",
        "@material/theme": "0.2.0",
        "@material/typography": "0.3.0"
      }
    },
    "@material/textfield": {
      "version": "0.3.6",
      "resolved": "https://registry.npmjs.org/@material/textfield/-/textfield-0.3.6.tgz",
      "integrity": "sha512-JZM1l2sPZbND+StaW/OXB269NOxM5/hHS9of9DvBMEvdQ0gxb27F8caz89mDTb0VcslVTVUbFbYK6oFKUDGJZQ==",
      "requires": {
        "@material/animation": "0.3.1",
        "@material/base": "0.2.5",
        "@material/ripple": "0.8.5",
        "@material/rtl": "0.1.7",
        "@material/theme": "0.2.0",
        "@material/typography": "0.3.0"
      }
    },
    "@material/theme": {
      "version": "0.2.0",
      "resolved": "https://registry.npmjs.org/@material/theme/-/theme-0.2.0.tgz",
      "integrity": "sha512-JImkTjEPt6LxjU3eTeZQSZVZfCs8ooCC8nYk736bB3IRMYSJCsX5EZ+ZoEehtqRpS++VLQID3raWdGUy2kNJzA=="
    },
    "@material/toolbar": {
      "version": "0.4.7",
      "resolved": "https://registry.npmjs.org/@material/toolbar/-/toolbar-0.4.7.tgz",
      "integrity": "sha512-WKb2xW5g/BGanrXh/3yJ/efonz5pQU8wSMJVxxng97g+HqBhKtV3JCOkM1VcPFmZBs9JnkI6AV/YknOff/d26g==",
      "requires": {
        "@material/base": "0.2.5",
        "@material/elevation": "0.1.11",
        "@material/rtl": "0.1.7",
        "@material/theme": "0.2.0",
        "@material/typography": "0.3.0"
      }
    },
    "@material/typography": {
      "version": "0.3.0",
      "resolved": "https://registry.npmjs.org/@material/typography/-/typography-0.3.0.tgz",
      "integrity": "sha1-+CjC0yFb/WbFgHJwm0JgxkElOQo="
    },
    "focus-trap": {
      "version": "2.3.0",
      "resolved": "https://registry.npmjs.org/focus-trap/-/focus-trap-2.3.0.tgz",
      "integrity": "sha1-B8kZZIZ9NGMV9PX434i/lkVTFuI=",
      "requires": {
        "tabbable": "1.0.7"
      }
    },
    "material-components-web": {
      "version": "0.19.0",
      "resolved": "https://registry.npmjs.org/material-components-web/-/material-components-web-0.19.0.tgz",
      "integrity": "sha512-KN4k67NLgQJ4hw53RshepeRgmrGeVaoHXucTTl7Om91ZF5DIf2vHUpyLEzyUjNtRpgDWFxvg1jcZUPwoMqkM8A==",
      "requires": {
        "@material/animation": "0.3.1",
        "@material/auto-init": "0.1.4",
        "@material/base": "0.2.5",
        "@material/button": "0.5.0",
        "@material/card": "0.2.7",
        "@material/checkbox": "0.4.5",
        "@material/dialog": "0.4.2",
        "@material/drawer": "0.5.6",
        "@material/elevation": "0.1.11",
        "@material/fab": "0.3.16",
        "@material/form-field": "0.2.14",
        "@material/grid-list": "0.2.10",
        "@material/icon-toggle": "0.1.19",
        "@material/layout-grid": "0.4.2",
        "@material/linear-progress": "0.1.8",
        "@material/list": "0.2.17",
        "@material/menu": "0.4.5",
        "@material/radio": "0.2.12",
        "@material/ripple": "0.8.5",
        "@material/rtl": "0.1.7",
        "@material/select": "0.3.15",
        "@material/selection-control": "0.1.0",
        "@material/slider": "0.2.4",
        "@material/snackbar": "0.3.5",
        "@material/switch": "0.1.12",
        "@material/tabs": "0.2.8",
        "@material/textfield": "0.3.6",
        "@material/theme": "0.2.0",
        "@material/toolbar": "0.4.7",
        "@material/typography": "0.3.0"
      }
    },
    "tabbable": {
      "version": "1.0.7",
      "resolved": "https://registry.npmjs.org/tabbable/-/tabbable-1.0.7.tgz",
      "integrity": "sha512-DWz6m3yI5o029kimabnfM30XTxYEvNSvFy0w42q44ZltDR020KpIuaXhaRIGfEjlGtJPBA+PDU2Y/cwDloJUOQ=="
    }
  }
}
